// !$*UTF8*$!
{
	archiveVersion = 1;
	classes = {
	};
	objectVersion = 56;
	objects = {

/* Begin PBXBuildFile section */
		AF0DF3E52AA38D0700C1F099 /* FirebaseAnalytics in Frameworks */ = {isa = PBXBuildFile; productRef = AF0DF3E42AA38D0700C1F099 /* FirebaseAnalytics */; };
		AF0DF3E72AA38D0700C1F099 /* FirebaseAnalyticsSwift in Frameworks */ = {isa = PBXBuildFile; productRef = AF0DF3E62AA38D0700C1F099 /* FirebaseAnalyticsSwift */; };
		AF0DF3EA2AA38D2200C1F099 /* AdSupport.framework in Frameworks */ = {isa = PBXBuildFile; fileRef = AF0DF3E92AA38D2100C1F099 /* AdSupport.framework */; };
		AF0DF3EC2AA38D3900C1F099 /* AnalyticsView.swift in Sources */ = {isa = PBXBuildFile; fileRef = AF0DF3EB2AA38D3900C1F099 /* AnalyticsView.swift */; };
		AF123E062A910732001F1D7A /* FirebaseAuth in Frameworks */ = {isa = PBXBuildFile; productRef = AF123E052A910732001F1D7A /* FirebaseAuth */; };
		AF123E082A910732001F1D7A /* FirebaseFirestore in Frameworks */ = {isa = PBXBuildFile; productRef = AF123E072A910732001F1D7A /* FirebaseFirestore */; };
		AF123E0A2A910732001F1D7A /* FirebaseFirestoreSwift in Frameworks */ = {isa = PBXBuildFile; productRef = AF123E092A910732001F1D7A /* FirebaseFirestoreSwift */; };
		AF1A1C3D2A9CD6AE00EA7B4C /* FirebaseStorage in Frameworks */ = {isa = PBXBuildFile; productRef = AF1A1C3C2A9CD6AE00EA7B4C /* FirebaseStorage */; };
		AF1A1C402A9CD76A00EA7B4C /* StorageManager.swift in Sources */ = {isa = PBXBuildFile; fileRef = AF1A1C3F2A9CD76A00EA7B4C /* StorageManager.swift */; };
		AF1A1C422A9CD9B700EA7B4C /* ProfileViewModel.swift in Sources */ = {isa = PBXBuildFile; fileRef = AF1A1C412A9CD9B700EA7B4C /* ProfileViewModel.swift */; };
		AF1A2DAA2A8675AC00A6B906 /* SettingsViewModel.swift in Sources */ = {isa = PBXBuildFile; fileRef = AF1A2DA92A8675AC00A6B906 /* SettingsViewModel.swift */; };
		AF1A2DAD2A86760100A6B906 /* AuthenticationViewModel.swift in Sources */ = {isa = PBXBuildFile; fileRef = AF1A2DAC2A86760100A6B906 /* AuthenticationViewModel.swift */; };
		AF1A2DB02A86765A00A6B906 /* SignInEmailViewModel.swift in Sources */ = {isa = PBXBuildFile; fileRef = AF1A2DAF2A86765A00A6B906 /* SignInEmailViewModel.swift */; };
		AF1A2DB32A86769E00A6B906 /* ProfileView.swift in Sources */ = {isa = PBXBuildFile; fileRef = AF1A2DB22A86769E00A6B906 /* ProfileView.swift */; };
		AF1A2DB62A867AE300A6B906 /* UserManager.swift in Sources */ = {isa = PBXBuildFile; fileRef = AF1A2DB52A867AE300A6B906 /* UserManager.swift */; };
		AF1C179C2A8E59DA00C9EFE0 /* TabbarView.swift in Sources */ = {isa = PBXBuildFile; fileRef = AF1C179B2A8E59DA00C9EFE0 /* TabbarView.swift */; };
		AF1C179F2A8E5CCE00C9EFE0 /* FavoritesView.swift in Sources */ = {isa = PBXBuildFile; fileRef = AF1C179E2A8E5CCE00C9EFE0 /* FavoritesView.swift */; };
		AF2D9C4A2A7E96B10004DC2A /* UIApplication+Extensions.swift in Sources */ = {isa = PBXBuildFile; fileRef = AF2D9C492A7E96B10004DC2A /* UIApplication+Extensions.swift */; };
		AF2D9C4C2A7EA0340004DC2A /* SignInGoogleHelper.swift in Sources */ = {isa = PBXBuildFile; fileRef = AF2D9C4B2A7EA0340004DC2A /* SignInGoogleHelper.swift */; };
		AF336E702A91051C006FD4BE /* GoogleSignIn in Frameworks */ = {isa = PBXBuildFile; productRef = AF336E6F2A91051C006FD4BE /* GoogleSignIn */; };
		AF336E722A91051C006FD4BE /* GoogleSignInSwift in Frameworks */ = {isa = PBXBuildFile; productRef = AF336E712A91051C006FD4BE /* GoogleSignInSwift */; };
		AF3FAF0D2A8282EA0057FF33 /* SignInAppleHelper.swift in Sources */ = {isa = PBXBuildFile; fileRef = AF3FAF0C2A8282EA0057FF33 /* SignInAppleHelper.swift */; };
		AF519DAF2A8A6667006A8D23 /* ProductsView.swift in Sources */ = {isa = PBXBuildFile; fileRef = AF519DAE2A8A6667006A8D23 /* ProductsView.swift */; };
		AF519DB22A8A6913006A8D23 /* Product.swift in Sources */ = {isa = PBXBuildFile; fileRef = AF519DB12A8A6913006A8D23 /* Product.swift */; };
		AF519DB42A8A6A1B006A8D23 /* ProductsManager.swift in Sources */ = {isa = PBXBuildFile; fileRef = AF519DB32A8A6A1B006A8D23 /* ProductsManager.swift */; };
		AF519DB72A8A77B5006A8D23 /* ProductCellView.swift in Sources */ = {isa = PBXBuildFile; fileRef = AF519DB62A8A77B5006A8D23 /* ProductCellView.swift */; };
		AF617F6F2A95015900E23AE1 /* SecurityRules.swift in Sources */ = {isa = PBXBuildFile; fileRef = AF617F6E2A95015900E23AE1 /* SecurityRules.swift */; };
		AF6ACB072A9253BC00AF6205 /* Query+Extensions.swift in Sources */ = {isa = PBXBuildFile; fileRef = AF6ACB062A9253BC00AF6205 /* Query+Extensions.swift */; };
		AF6ACB0C2A92540C00AF6205 /* OnFirstApprearViewModifier.swift in Sources */ = {isa = PBXBuildFile; fileRef = AF6ACB0B2A92540C00AF6205 /* OnFirstApprearViewModifier.swift */; };
		AF6ACB0E2A92543D00AF6205 /* FavoritesViewModel.swift in Sources */ = {isa = PBXBuildFile; fileRef = AF6ACB0D2A92543D00AF6205 /* FavoritesViewModel.swift */; };
		AF79DBB52A7BF10800081627 /* SwiftfulFirebaseBootcampApp.swift in Sources */ = {isa = PBXBuildFile; fileRef = AF79DBB42A7BF10800081627 /* SwiftfulFirebaseBootcampApp.swift */; };
		AF79DBB92A7BF10A00081627 /* Assets.xcassets in Resources */ = {isa = PBXBuildFile; fileRef = AF79DBB82A7BF10A00081627 /* Assets.xcassets */; };
		AF79DBBC2A7BF10A00081627 /* Preview Assets.xcassets in Resources */ = {isa = PBXBuildFile; fileRef = AF79DBBB2A7BF10A00081627 /* Preview Assets.xcassets */; };
		AF79DBC32A7BF2CA00081627 /* GoogleService-Info.plist in Resources */ = {isa = PBXBuildFile; fileRef = AF79DBC22A7BF2CA00081627 /* GoogleService-Info.plist */; };
		AF79DBCE2A7BF8FA00081627 /* AuthenticationView.swift in Sources */ = {isa = PBXBuildFile; fileRef = AF79DBCD2A7BF8FA00081627 /* AuthenticationView.swift */; };
		AF79DBD02A7BFA5100081627 /* SignInEmailView.swift in Sources */ = {isa = PBXBuildFile; fileRef = AF79DBCF2A7BFA5100081627 /* SignInEmailView.swift */; };
		AF79DBD22A7BFC5500081627 /* AuthenticationManager.swift in Sources */ = {isa = PBXBuildFile; fileRef = AF79DBD12A7BFC5500081627 /* AuthenticationManager.swift */; };
		AF79DBD42A7C029800081627 /* RootView.swift in Sources */ = {isa = PBXBuildFile; fileRef = AF79DBD32A7C029800081627 /* RootView.swift */; };
		AF79DBD62A7C0FB700081627 /* SettingsView.swift in Sources */ = {isa = PBXBuildFile; fileRef = AF79DBD52A7C0FB700081627 /* SettingsView.swift */; };
		AF9BDB8D2AA0D39F00A6CFE4 /* FirebaseCrashlytics in Frameworks */ = {isa = PBXBuildFile; productRef = AF9BDB8C2AA0D39F00A6CFE4 /* FirebaseCrashlytics */; };
		AF9BDB912AA0D4B100A6CFE4 /* CrashView.swift in Sources */ = {isa = PBXBuildFile; fileRef = AF9BDB902AA0D4B100A6CFE4 /* CrashView.swift */; };
		AFB011A52A9F937300CE2D20 /* AppUser.swift in Sources */ = {isa = PBXBuildFile; fileRef = AFB011A42A9F937300CE2D20 /* AppUser.swift */; };
		AFBF24482AA21DA70063D497 /* FirebasePerformance in Frameworks */ = {isa = PBXBuildFile; productRef = AFBF24472AA21DA70063D497 /* FirebasePerformance */; };
		AFBF244B2AA21DD60063D497 /* CrashManager.swift in Sources */ = {isa = PBXBuildFile; fileRef = AFBF244A2AA21DD60063D497 /* CrashManager.swift */; };
		AFBF244D2AA21E0C0063D497 /* PerformanceView.swift in Sources */ = {isa = PBXBuildFile; fileRef = AFBF244C2AA21E0C0063D497 /* PerformanceView.swift */; };
		AFBF244F2AA226B20063D497 /* PerformanceManager.swift in Sources */ = {isa = PBXBuildFile; fileRef = AFBF244E2AA226B20063D497 /* PerformanceManager.swift */; };
/* End PBXBuildFile section */

/* Begin PBXFileReference section */
		AF0DF3E92AA38D2100C1F099 /* AdSupport.framework */ = {isa = PBXFileReference; lastKnownFileType = wrapper.framework; name = AdSupport.framework; path = System/Library/Frameworks/AdSupport.framework; sourceTree = SDKROOT; };
		AF0DF3EB2AA38D3900C1F099 /* AnalyticsView.swift */ = {isa = PBXFileReference; lastKnownFileType = sourcecode.swift; path = AnalyticsView.swift; sourceTree = "<group>"; };
		AF1A1C3F2A9CD76A00EA7B4C /* StorageManager.swift */ = {isa = PBXFileReference; lastKnownFileType = sourcecode.swift; path = StorageManager.swift; sourceTree = "<group>"; };
		AF1A1C412A9CD9B700EA7B4C /* ProfileViewModel.swift */ = {isa = PBXFileReference; lastKnownFileType = sourcecode.swift; path = ProfileViewModel.swift; sourceTree = "<group>"; };
		AF1A2DA92A8675AC00A6B906 /* SettingsViewModel.swift */ = {isa = PBXFileReference; lastKnownFileType = sourcecode.swift; path = SettingsViewModel.swift; sourceTree = "<group>"; };
		AF1A2DAC2A86760100A6B906 /* AuthenticationViewModel.swift */ = {isa = PBXFileReference; lastKnownFileType = sourcecode.swift; path = AuthenticationViewModel.swift; sourceTree = "<group>"; };
		AF1A2DAF2A86765A00A6B906 /* SignInEmailViewModel.swift */ = {isa = PBXFileReference; lastKnownFileType = sourcecode.swift; path = SignInEmailViewModel.swift; sourceTree = "<group>"; };
		AF1A2DB22A86769E00A6B906 /* ProfileView.swift */ = {isa = PBXFileReference; lastKnownFileType = sourcecode.swift; path = ProfileView.swift; sourceTree = "<group>"; };
		AF1A2DB52A867AE300A6B906 /* UserManager.swift */ = {isa = PBXFileReference; lastKnownFileType = sourcecode.swift; path = UserManager.swift; sourceTree = "<group>"; };
		AF1C179B2A8E59DA00C9EFE0 /* TabbarView.swift */ = {isa = PBXFileReference; lastKnownFileType = sourcecode.swift; path = TabbarView.swift; sourceTree = "<group>"; };
		AF1C179E2A8E5CCE00C9EFE0 /* FavoritesView.swift */ = {isa = PBXFileReference; lastKnownFileType = sourcecode.swift; path = FavoritesView.swift; sourceTree = "<group>"; };
		AF2D9C472A7E93520004DC2A /* Info.plist */ = {isa = PBXFileReference; lastKnownFileType = text.plist; path = Info.plist; sourceTree = "<group>"; };
		AF2D9C492A7E96B10004DC2A /* UIApplication+Extensions.swift */ = {isa = PBXFileReference; lastKnownFileType = sourcecode.swift; path = "UIApplication+Extensions.swift"; sourceTree = "<group>"; };
		AF2D9C4B2A7EA0340004DC2A /* SignInGoogleHelper.swift */ = {isa = PBXFileReference; lastKnownFileType = sourcecode.swift; path = SignInGoogleHelper.swift; sourceTree = "<group>"; };
		AF338B452A812DFA001AB771 /* SwiftfulFirebaseBootcamp.entitlements */ = {isa = PBXFileReference; lastKnownFileType = text.plist.entitlements; path = SwiftfulFirebaseBootcamp.entitlements; sourceTree = "<group>"; };
		AF3FAF0C2A8282EA0057FF33 /* SignInAppleHelper.swift */ = {isa = PBXFileReference; lastKnownFileType = sourcecode.swift; path = SignInAppleHelper.swift; sourceTree = "<group>"; };
		AF519DAE2A8A6667006A8D23 /* ProductsView.swift */ = {isa = PBXFileReference; lastKnownFileType = sourcecode.swift; path = ProductsView.swift; sourceTree = "<group>"; };
		AF519DB12A8A6913006A8D23 /* Product.swift */ = {isa = PBXFileReference; lastKnownFileType = sourcecode.swift; path = Product.swift; sourceTree = "<group>"; };
		AF519DB32A8A6A1B006A8D23 /* ProductsManager.swift */ = {isa = PBXFileReference; lastKnownFileType = sourcecode.swift; path = ProductsManager.swift; sourceTree = "<group>"; };
		AF519DB62A8A77B5006A8D23 /* ProductCellView.swift */ = {isa = PBXFileReference; lastKnownFileType = sourcecode.swift; path = ProductCellView.swift; sourceTree = "<group>"; };
		AF617F6E2A95015900E23AE1 /* SecurityRules.swift */ = {isa = PBXFileReference; lastKnownFileType = sourcecode.swift; path = SecurityRules.swift; sourceTree = "<group>"; };
		AF6ACB062A9253BC00AF6205 /* Query+Extensions.swift */ = {isa = PBXFileReference; lastKnownFileType = sourcecode.swift; path = "Query+Extensions.swift"; sourceTree = "<group>"; };
		AF6ACB0B2A92540C00AF6205 /* OnFirstApprearViewModifier.swift */ = {isa = PBXFileReference; lastKnownFileType = sourcecode.swift; path = OnFirstApprearViewModifier.swift; sourceTree = "<group>"; };
		AF6ACB0D2A92543D00AF6205 /* FavoritesViewModel.swift */ = {isa = PBXFileReference; lastKnownFileType = sourcecode.swift; path = FavoritesViewModel.swift; sourceTree = "<group>"; };
		AF79DBB12A7BF10800081627 /* SwiftfulFirebaseBootcamp.app */ = {isa = PBXFileReference; explicitFileType = wrapper.application; includeInIndex = 0; path = SwiftfulFirebaseBootcamp.app; sourceTree = BUILT_PRODUCTS_DIR; };
		AF79DBB42A7BF10800081627 /* SwiftfulFirebaseBootcampApp.swift */ = {isa = PBXFileReference; lastKnownFileType = sourcecode.swift; path = SwiftfulFirebaseBootcampApp.swift; sourceTree = "<group>"; };
		AF79DBB82A7BF10A00081627 /* Assets.xcassets */ = {isa = PBXFileReference; lastKnownFileType = folder.assetcatalog; path = Assets.xcassets; sourceTree = "<group>"; };
		AF79DBBB2A7BF10A00081627 /* Preview Assets.xcassets */ = {isa = PBXFileReference; lastKnownFileType = folder.assetcatalog; path = "Preview Assets.xcassets"; sourceTree = "<group>"; };
		AF79DBC22A7BF2CA00081627 /* GoogleService-Info.plist */ = {isa = PBXFileReference; fileEncoding = 4; lastKnownFileType = text.plist.xml; path = "GoogleService-Info.plist"; sourceTree = "<group>"; };
		AF79DBCD2A7BF8FA00081627 /* AuthenticationView.swift */ = {isa = PBXFileReference; lastKnownFileType = sourcecode.swift; path = AuthenticationView.swift; sourceTree = "<group>"; };
		AF79DBCF2A7BFA5100081627 /* SignInEmailView.swift */ = {isa = PBXFileReference; lastKnownFileType = sourcecode.swift; path = SignInEmailView.swift; sourceTree = "<group>"; };
		AF79DBD12A7BFC5500081627 /* AuthenticationManager.swift */ = {isa = PBXFileReference; lastKnownFileType = sourcecode.swift; path = AuthenticationManager.swift; sourceTree = "<group>"; };
		AF79DBD32A7C029800081627 /* RootView.swift */ = {isa = PBXFileReference; lastKnownFileType = sourcecode.swift; path = RootView.swift; sourceTree = "<group>"; };
		AF79DBD52A7C0FB700081627 /* SettingsView.swift */ = {isa = PBXFileReference; lastKnownFileType = sourcecode.swift; path = SettingsView.swift; sourceTree = "<group>"; };
		AF9BDB902AA0D4B100A6CFE4 /* CrashView.swift */ = {isa = PBXFileReference; lastKnownFileType = sourcecode.swift; path = CrashView.swift; sourceTree = "<group>"; };
		AFB011A42A9F937300CE2D20 /* AppUser.swift */ = {isa = PBXFileReference; lastKnownFileType = sourcecode.swift; path = AppUser.swift; sourceTree = "<group>"; };
		AFBF244A2AA21DD60063D497 /* CrashManager.swift */ = {isa = PBXFileReference; lastKnownFileType = sourcecode.swift; path = CrashManager.swift; sourceTree = "<group>"; };
		AFBF244C2AA21E0C0063D497 /* PerformanceView.swift */ = {isa = PBXFileReference; lastKnownFileType = sourcecode.swift; path = PerformanceView.swift; sourceTree = "<group>"; };
		AFBF244E2AA226B20063D497 /* PerformanceManager.swift */ = {isa = PBXFileReference; lastKnownFileType = sourcecode.swift; path = PerformanceManager.swift; sourceTree = "<group>"; };
/* End PBXFileReference section */

/* Begin PBXFrameworksBuildPhase section */
		AF79DBAE2A7BF10800081627 /* Frameworks */ = {
			isa = PBXFrameworksBuildPhase;
			buildActionMask = 2147483647;
			files = (
				AF123E0A2A910732001F1D7A /* FirebaseFirestoreSwift in Frameworks */,
				AF336E702A91051C006FD4BE /* GoogleSignIn in Frameworks */,
				AF123E082A910732001F1D7A /* FirebaseFirestore in Frameworks */,
				AF9BDB8D2AA0D39F00A6CFE4 /* FirebaseCrashlytics in Frameworks */,
				AF0DF3E72AA38D0700C1F099 /* FirebaseAnalyticsSwift in Frameworks */,
				AF123E062A910732001F1D7A /* FirebaseAuth in Frameworks */,
				AF336E722A91051C006FD4BE /* GoogleSignInSwift in Frameworks */,
				AF0DF3EA2AA38D2200C1F099 /* AdSupport.framework in Frameworks */,
				AFBF24482AA21DA70063D497 /* FirebasePerformance in Frameworks */,
				AF1A1C3D2A9CD6AE00EA7B4C /* FirebaseStorage in Frameworks */,
				AF0DF3E52AA38D0700C1F099 /* FirebaseAnalytics in Frameworks */,
			);
			runOnlyForDeploymentPostprocessing = 0;
		};
/* End PBXFrameworksBuildPhase section */

/* Begin PBXGroup section */
		AF0DF3E82AA38D0B00C1F099 /* Analytics */ = {
			isa = PBXGroup;
			children = (
				AF0DF3EB2AA38D3900C1F099 /* AnalyticsView.swift */,
			);
			path = Analytics;
			sourceTree = "<group>";
		};
		AF1A1C3E2A9CD73500EA7B4C /* Storage */ = {
			isa = PBXGroup;
			children = (
				AF1A1C3F2A9CD76A00EA7B4C /* StorageManager.swift */,
			);
			path = Storage;
			sourceTree = "<group>";
		};
		AF1A2DA72A86753600A6B906 /* Core */ = {
			isa = PBXGroup;
			children = (
				AF79DBD32A7C029800081627 /* RootView.swift */,
				AF1C179A2A8E59B900C9EFE0 /* Tabbar */,
				AF1A2DAB2A8675E300A6B906 /* Authentication */,
				AF519DAD2A8A6637006A8D23 /* Products */,
				AF1C179D2A8E5C8E00C9EFE0 /* Favorites */,
				AF1A2DB12A86767400A6B906 /* Profile */,
				AF1A2DA82A86759300A6B906 /* Settings */,
			);
			path = Core;
			sourceTree = "<group>";
		};
		AF1A2DA82A86759300A6B906 /* Settings */ = {
			isa = PBXGroup;
			children = (
				AF79DBD52A7C0FB700081627 /* SettingsView.swift */,
				AF1A2DA92A8675AC00A6B906 /* SettingsViewModel.swift */,
			);
			path = Settings;
			sourceTree = "<group>";
		};
		AF1A2DAB2A8675E300A6B906 /* Authentication */ = {
			isa = PBXGroup;
			children = (
				AF79DBCD2A7BF8FA00081627 /* AuthenticationView.swift */,
				AF1A2DAC2A86760100A6B906 /* AuthenticationViewModel.swift */,
				AF1A2DAE2A86764900A6B906 /* Subviews */,
			);
			path = Authentication;
			sourceTree = "<group>";
		};
		AF1A2DAE2A86764900A6B906 /* Subviews */ = {
			isa = PBXGroup;
			children = (
				AF79DBCF2A7BFA5100081627 /* SignInEmailView.swift */,
				AF1A2DAF2A86765A00A6B906 /* SignInEmailViewModel.swift */,
			);
			path = Subviews;
			sourceTree = "<group>";
		};
		AF1A2DB12A86767400A6B906 /* Profile */ = {
			isa = PBXGroup;
			children = (
				AF1A2DB22A86769E00A6B906 /* ProfileView.swift */,
				AF1A1C412A9CD9B700EA7B4C /* ProfileViewModel.swift */,
			);
			path = Profile;
			sourceTree = "<group>";
		};
		AF1A2DB42A867ACC00A6B906 /* Firestore */ = {
			isa = PBXGroup;
			children = (
				AF1A2DB52A867AE300A6B906 /* UserManager.swift */,
				AF519DB32A8A6A1B006A8D23 /* ProductsManager.swift */,
				AF6ACB062A9253BC00AF6205 /* Query+Extensions.swift */,
			);
			path = Firestore;
			sourceTree = "<group>";
		};
		AF1C179A2A8E59B900C9EFE0 /* Tabbar */ = {
			isa = PBXGroup;
			children = (
				AF1C179B2A8E59DA00C9EFE0 /* TabbarView.swift */,
			);
			path = Tabbar;
			sourceTree = "<group>";
		};
		AF1C179D2A8E5C8E00C9EFE0 /* Favorites */ = {
			isa = PBXGroup;
			children = (
				AF1C179E2A8E5CCE00C9EFE0 /* FavoritesView.swift */,
				AF6ACB0D2A92543D00AF6205 /* FavoritesViewModel.swift */,
			);
			path = Favorites;
			sourceTree = "<group>";
		};
		AF2D9C482A7E96960004DC2A /* Extensions */ = {
			isa = PBXGroup;
			children = (
				AF2D9C492A7E96B10004DC2A /* UIApplication+Extensions.swift */,
			);
			path = Extensions;
			sourceTree = "<group>";
		};
		AF519DAD2A8A6637006A8D23 /* Products */ = {
			isa = PBXGroup;
			children = (
				AF519DAE2A8A6667006A8D23 /* ProductsView.swift */,
				AF519DB52A8A7799006A8D23 /* Views */,
			);
			path = Products;
			sourceTree = "<group>";
		};
		AF519DB02A8A6903006A8D23 /* Models */ = {
			isa = PBXGroup;
			children = (
				AF519DB12A8A6913006A8D23 /* Product.swift */,
				AFB011A42A9F937300CE2D20 /* AppUser.swift */,
			);
			path = Models;
			sourceTree = "<group>";
		};
		AF519DB52A8A7799006A8D23 /* Views */ = {
			isa = PBXGroup;
			children = (
				AF519DB62A8A77B5006A8D23 /* ProductCellView.swift */,
			);
			path = Views;
			sourceTree = "<group>";
		};
		AF617F6D2A95014200E23AE1 /* SecurityRules */ = {
			isa = PBXGroup;
			children = (
				AF617F6E2A95015900E23AE1 /* SecurityRules.swift */,
			);
			path = SecurityRules;
			sourceTree = "<group>";
		};
		AF6ACB0A2A9253FD00AF6205 /* ViewModifiers */ = {
			isa = PBXGroup;
			children = (
				AF6ACB0B2A92540C00AF6205 /* OnFirstApprearViewModifier.swift */,
			);
			path = ViewModifiers;
			sourceTree = "<group>";
		};
		AF79DBA82A7BF10800081627 = {
			isa = PBXGroup;
			children = (
				AF79DBB32A7BF10800081627 /* SwiftfulFirebaseBootcamp */,
				AF79DBB22A7BF10800081627 /* Products */,
				AF79DBC92A7BF85300081627 /* Frameworks */,
			);
			sourceTree = "<group>";
		};
		AF79DBB22A7BF10800081627 /* Products */ = {
			isa = PBXGroup;
			children = (
				AF79DBB12A7BF10800081627 /* SwiftfulFirebaseBootcamp.app */,
			);
			name = Products;
			sourceTree = "<group>";
		};
		AF79DBB32A7BF10800081627 /* SwiftfulFirebaseBootcamp */ = {
			isa = PBXGroup;
			children = (
				AF79DBB42A7BF10800081627 /* SwiftfulFirebaseBootcampApp.swift */,
				AF1A2DA72A86753600A6B906 /* Core */,
				AF79DBCC2A7BF8BF00081627 /* Authentication */,
				AF1A2DB42A867ACC00A6B906 /* Firestore */,
				AF1A1C3E2A9CD73500EA7B4C /* Storage */,
				AF519DB02A8A6903006A8D23 /* Models */,
				AF6ACB0A2A9253FD00AF6205 /* ViewModifiers */,
				AF2D9C482A7E96960004DC2A /* Extensions */,
				AF617F6D2A95014200E23AE1 /* SecurityRules */,
				AF9BDB8F2AA0D49100A6CFE4 /* Crashlytics */,
				AFBF24492AA21DB40063D497 /* Permancce */,
				AF0DF3E82AA38D0B00C1F099 /* Analytics */,
				AF79DBB82A7BF10A00081627 /* Assets.xcassets */,
				AF338B452A812DFA001AB771 /* SwiftfulFirebaseBootcamp.entitlements */,
				AF2D9C472A7E93520004DC2A /* Info.plist */,
				AF79DBC22A7BF2CA00081627 /* GoogleService-Info.plist */,
				AF79DBBA2A7BF10A00081627 /* Preview Content */,
			);
			path = SwiftfulFirebaseBootcamp;
			sourceTree = "<group>";
		};
		AF79DBBA2A7BF10A00081627 /* Preview Content */ = {
			isa = PBXGroup;
			children = (
				AF79DBBB2A7BF10A00081627 /* Preview Assets.xcassets */,
			);
			path = "Preview Content";
			sourceTree = "<group>";
		};
		AF79DBC92A7BF85300081627 /* Frameworks */ = {
			isa = PBXGroup;
			children = (
				AF0DF3E92AA38D2100C1F099 /* AdSupport.framework */,
			);
			name = Frameworks;
			sourceTree = "<group>";
		};
		AF79DBCC2A7BF8BF00081627 /* Authentication */ = {
			isa = PBXGroup;
			children = (
				AF79DBD12A7BFC5500081627 /* AuthenticationManager.swift */,
				AF2D9C4B2A7EA0340004DC2A /* SignInGoogleHelper.swift */,
				AF3FAF0C2A8282EA0057FF33 /* SignInAppleHelper.swift */,
			);
			path = Authentication;
			sourceTree = "<group>";
		};
		AF9BDB8F2AA0D49100A6CFE4 /* Crashlytics */ = {
			isa = PBXGroup;
			children = (
				AF9BDB902AA0D4B100A6CFE4 /* CrashView.swift */,
				AFBF244A2AA21DD60063D497 /* CrashManager.swift */,
			);
			path = Crashlytics;
			sourceTree = "<group>";
		};
		AFBF24492AA21DB40063D497 /* Permancce */ = {
			isa = PBXGroup;
			children = (
				AFBF244C2AA21E0C0063D497 /* PerformanceView.swift */,
				AFBF244E2AA226B20063D497 /* PerformanceManager.swift */,
			);
			path = Permancce;
			sourceTree = "<group>";
		};
/* End PBXGroup section */

/* Begin PBXNativeTarget section */
		AF79DBB02A7BF10800081627 /* SwiftfulFirebaseBootcamp */ = {
			isa = PBXNativeTarget;
			buildConfigurationList = AF79DBBF2A7BF10A00081627 /* Build configuration list for PBXNativeTarget "SwiftfulFirebaseBootcamp" */;
			buildPhases = (
				AF79DBAD2A7BF10800081627 /* Sources */,
				AF79DBAE2A7BF10800081627 /* Frameworks */,
				AF79DBAF2A7BF10800081627 /* Resources */,
				AF9BDB8E2AA0D40800A6CFE4 /* ShellScript */,
			);
			buildRules = (
			);
			dependencies = (
			);
			name = SwiftfulFirebaseBootcamp;
			packageProductDependencies = (
				AF336E6F2A91051C006FD4BE /* GoogleSignIn */,
				AF336E712A91051C006FD4BE /* GoogleSignInSwift */,
				AF123E052A910732001F1D7A /* FirebaseAuth */,
				AF123E072A910732001F1D7A /* FirebaseFirestore */,
				AF123E092A910732001F1D7A /* FirebaseFirestoreSwift */,
				AF1A1C3C2A9CD6AE00EA7B4C /* FirebaseStorage */,
				AF9BDB8C2AA0D39F00A6CFE4 /* FirebaseCrashlytics */,
				AFBF24472AA21DA70063D497 /* FirebasePerformance */,
				AF0DF3E42AA38D0700C1F099 /* FirebaseAnalytics */,
				AF0DF3E62AA38D0700C1F099 /* FirebaseAnalyticsSwift */,
			);
			productName = SwiftfulFirebaseBootcamp;
			productReference = AF79DBB12A7BF10800081627 /* SwiftfulFirebaseBootcamp.app */;
			productType = "com.apple.product-type.application";
		};
/* End PBXNativeTarget section */

/* Begin PBXProject section */
		AF79DBA92A7BF10800081627 /* Project object */ = {
			isa = PBXProject;
			attributes = {
				BuildIndependentTargetsInParallel = 1;
				LastSwiftUpdateCheck = 1430;
				LastUpgradeCheck = 1430;
				TargetAttributes = {
					AF79DBB02A7BF10800081627 = {
						CreatedOnToolsVersion = 14.3.1;
					};
				};
			};
			buildConfigurationList = AF79DBAC2A7BF10800081627 /* Build configuration list for PBXProject "SwiftfulFirebaseBootcamp" */;
			compatibilityVersion = "Xcode 14.0";
			developmentRegion = en;
			hasScannedForEncodings = 0;
			knownRegions = (
				en,
				Base,
			);
			mainGroup = AF79DBA82A7BF10800081627;
			packageReferences = (
				AF336E6E2A91051C006FD4BE /* XCRemoteSwiftPackageReference "GoogleSignIn-iOS" */,
				AF123E042A910732001F1D7A /* XCRemoteSwiftPackageReference "firebase-ios-sdk" */,
			);
			productRefGroup = AF79DBB22A7BF10800081627 /* Products */;
			projectDirPath = "";
			projectRoot = "";
			targets = (
				AF79DBB02A7BF10800081627 /* SwiftfulFirebaseBootcamp */,
			);
		};
/* End PBXProject section */

/* Begin PBXResourcesBuildPhase section */
		AF79DBAF2A7BF10800081627 /* Resources */ = {
			isa = PBXResourcesBuildPhase;
			buildActionMask = 2147483647;
			files = (
				AF79DBBC2A7BF10A00081627 /* Preview Assets.xcassets in Resources */,
				AF79DBB92A7BF10A00081627 /* Assets.xcassets in Resources */,
				AF79DBC32A7BF2CA00081627 /* GoogleService-Info.plist in Resources */,
			);
			runOnlyForDeploymentPostprocessing = 0;
		};
/* End PBXResourcesBuildPhase section */

/* Begin PBXShellScriptBuildPhase section */
		AF9BDB8E2AA0D40800A6CFE4 /* ShellScript */ = {
			isa = PBXShellScriptBuildPhase;
			buildActionMask = 2147483647;
			files = (
			);
			inputFileListPaths = (
			);
			inputPaths = (
				"${DWARF_DSYM_FOLDER_PATH}/${DWARF_DSYM_FILE_NAME}",
				"${DWARF_DSYM_FOLDER_PATH}/${DWARF_DSYM_FILE_NAME}/Contents/Resources/DWARF/${PRODUCT_NAME}",
				"${DWARF_DSYM_FOLDER_PATH}/${DWARF_DSYM_FILE_NAME}/Contents/Info.plist",
				"$(BUILT_PRODUCTS_DIR)/$(UNLOCALIZED_RESOURCES_FOLDER_PATH)/GoogleService-Info.plist",
				"$(BUILT_PRODUCTS_DIR)/$(EXECUTABLE_PATH)",
			);
			outputFileListPaths = (
			);
			outputPaths = (
			);
			runOnlyForDeploymentPostprocessing = 0;
			shellPath = /bin/sh;
			shellScript = "\"${BUILD_DIR%/Build/*}/SourcePackages/checkouts/firebase-ios-sdk/Crashlytics/run\"\n";
		};
/* End PBXShellScriptBuildPhase section */

/* Begin PBXSourcesBuildPhase section */
		AF79DBAD2A7BF10800081627 /* Sources */ = {
			isa = PBXSourcesBuildPhase;
			buildActionMask = 2147483647;
			files = (
				AF1C179F2A8E5CCE00C9EFE0 /* FavoritesView.swift in Sources */,
				AFB011A52A9F937300CE2D20 /* AppUser.swift in Sources */,
				AF519DB42A8A6A1B006A8D23 /* ProductsManager.swift in Sources */,
				AF1A1C402A9CD76A00EA7B4C /* StorageManager.swift in Sources */,
				AF6ACB072A9253BC00AF6205 /* Query+Extensions.swift in Sources */,
				AF1C179C2A8E59DA00C9EFE0 /* TabbarView.swift in Sources */,
				AF79DBD62A7C0FB700081627 /* SettingsView.swift in Sources */,
				AF1A2DB32A86769E00A6B906 /* ProfileView.swift in Sources */,
				AF1A2DB62A867AE300A6B906 /* UserManager.swift in Sources */,
				AFBF244D2AA21E0C0063D497 /* PerformanceView.swift in Sources */,
				AF79DBB52A7BF10800081627 /* SwiftfulFirebaseBootcampApp.swift in Sources */,
				AF79DBD42A7C029800081627 /* RootView.swift in Sources */,
				AF1A1C422A9CD9B700EA7B4C /* ProfileViewModel.swift in Sources */,
				AF617F6F2A95015900E23AE1 /* SecurityRules.swift in Sources */,
				AF2D9C4C2A7EA0340004DC2A /* SignInGoogleHelper.swift in Sources */,
				AF1A2DAD2A86760100A6B906 /* AuthenticationViewModel.swift in Sources */,
				AF1A2DB02A86765A00A6B906 /* SignInEmailViewModel.swift in Sources */,
				AF0DF3EC2AA38D3900C1F099 /* AnalyticsView.swift in Sources */,
				AF79DBCE2A7BF8FA00081627 /* AuthenticationView.swift in Sources */,
				AF519DB72A8A77B5006A8D23 /* ProductCellView.swift in Sources */,
				AF6ACB0C2A92540C00AF6205 /* OnFirstApprearViewModifier.swift in Sources */,
				AF519DB22A8A6913006A8D23 /* Product.swift in Sources */,
				AF1A2DAA2A8675AC00A6B906 /* SettingsViewModel.swift in Sources */,
				AF79DBD22A7BFC5500081627 /* AuthenticationManager.swift in Sources */,
				AFBF244F2AA226B20063D497 /* PerformanceManager.swift in Sources */,
				AF9BDB912AA0D4B100A6CFE4 /* CrashView.swift in Sources */,
				AFBF244B2AA21DD60063D497 /* CrashManager.swift in Sources */,
				AF2D9C4A2A7E96B10004DC2A /* UIApplication+Extensions.swift in Sources */,
				AF79DBD02A7BFA5100081627 /* SignInEmailView.swift in Sources */,
				AF6ACB0E2A92543D00AF6205 /* FavoritesViewModel.swift in Sources */,
				AF3FAF0D2A8282EA0057FF33 /* SignInAppleHelper.swift in Sources */,
				AF519DAF2A8A6667006A8D23 /* ProductsView.swift in Sources */,
			);
			runOnlyForDeploymentPostprocessing = 0;
		};
/* End PBXSourcesBuildPhase section */

/* Begin XCBuildConfiguration section */
		AF79DBBD2A7BF10A00081627 /* Debug */ = {
			isa = XCBuildConfiguration;
			buildSettings = {
				ALWAYS_SEARCH_USER_PATHS = NO;
				CLANG_ANALYZER_NONNULL = YES;
				CLANG_ANALYZER_NUMBER_OBJECT_CONVERSION = YES_AGGRESSIVE;
				CLANG_CXX_LANGUAGE_STANDARD = "gnu++20";
				CLANG_ENABLE_MODULES = YES;
				CLANG_ENABLE_OBJC_ARC = YES;
				CLANG_ENABLE_OBJC_WEAK = YES;
				CLANG_WARN_BLOCK_CAPTURE_AUTORELEASING = YES;
				CLANG_WARN_BOOL_CONVERSION = YES;
				CLANG_WARN_COMMA = YES;
				CLANG_WARN_CONSTANT_CONVERSION = YES;
				CLANG_WARN_DEPRECATED_OBJC_IMPLEMENTATIONS = YES;
				CLANG_WARN_DIRECT_OBJC_ISA_USAGE = YES_ERROR;
				CLANG_WARN_DOCUMENTATION_COMMENTS = YES;
				CLANG_WARN_EMPTY_BODY = YES;
				CLANG_WARN_ENUM_CONVERSION = YES;
				CLANG_WARN_INFINITE_RECURSION = YES;
				CLANG_WARN_INT_CONVERSION = YES;
				CLANG_WARN_NON_LITERAL_NULL_CONVERSION = YES;
				CLANG_WARN_OBJC_IMPLICIT_RETAIN_SELF = YES;
				CLANG_WARN_OBJC_LITERAL_CONVERSION = YES;
				CLANG_WARN_OBJC_ROOT_CLASS = YES_ERROR;
				CLANG_WARN_QUOTED_INCLUDE_IN_FRAMEWORK_HEADER = YES;
				CLANG_WARN_RANGE_LOOP_ANALYSIS = YES;
				CLANG_WARN_STRICT_PROTOTYPES = YES;
				CLANG_WARN_SUSPICIOUS_MOVE = YES;
				CLANG_WARN_UNGUARDED_AVAILABILITY = YES_AGGRESSIVE;
				CLANG_WARN_UNREACHABLE_CODE = YES;
				CLANG_WARN__DUPLICATE_METHOD_MATCH = YES;
				COPY_PHASE_STRIP = NO;
				DEBUG_INFORMATION_FORMAT = dwarf;
				ENABLE_STRICT_OBJC_MSGSEND = YES;
				ENABLE_TESTABILITY = YES;
				GCC_C_LANGUAGE_STANDARD = gnu11;
				GCC_DYNAMIC_NO_PIC = NO;
				GCC_NO_COMMON_BLOCKS = YES;
				GCC_OPTIMIZATION_LEVEL = 0;
				GCC_PREPROCESSOR_DEFINITIONS = (
					"DEBUG=1",
					"$(inherited)",
				);
				GCC_WARN_64_TO_32_BIT_CONVERSION = YES;
				GCC_WARN_ABOUT_RETURN_TYPE = YES_ERROR;
				GCC_WARN_UNDECLARED_SELECTOR = YES;
				GCC_WARN_UNINITIALIZED_AUTOS = YES_AGGRESSIVE;
				GCC_WARN_UNUSED_FUNCTION = YES;
				GCC_WARN_UNUSED_VARIABLE = YES;
				IPHONEOS_DEPLOYMENT_TARGET = 16.4;
				MTL_ENABLE_DEBUG_INFO = INCLUDE_SOURCE;
				MTL_FAST_MATH = YES;
				ONLY_ACTIVE_ARCH = YES;
				SDKROOT = iphoneos;
				SWIFT_ACTIVE_COMPILATION_CONDITIONS = DEBUG;
				SWIFT_OPTIMIZATION_LEVEL = "-Onone";
			};
			name = Debug;
		};
		AF79DBBE2A7BF10A00081627 /* Release */ = {
			isa = XCBuildConfiguration;
			buildSettings = {
				ALWAYS_SEARCH_USER_PATHS = NO;
				CLANG_ANALYZER_NONNULL = YES;
				CLANG_ANALYZER_NUMBER_OBJECT_CONVERSION = YES_AGGRESSIVE;
				CLANG_CXX_LANGUAGE_STANDARD = "gnu++20";
				CLANG_ENABLE_MODULES = YES;
				CLANG_ENABLE_OBJC_ARC = YES;
				CLANG_ENABLE_OBJC_WEAK = YES;
				CLANG_WARN_BLOCK_CAPTURE_AUTORELEASING = YES;
				CLANG_WARN_BOOL_CONVERSION = YES;
				CLANG_WARN_COMMA = YES;
				CLANG_WARN_CONSTANT_CONVERSION = YES;
				CLANG_WARN_DEPRECATED_OBJC_IMPLEMENTATIONS = YES;
				CLANG_WARN_DIRECT_OBJC_ISA_USAGE = YES_ERROR;
				CLANG_WARN_DOCUMENTATION_COMMENTS = YES;
				CLANG_WARN_EMPTY_BODY = YES;
				CLANG_WARN_ENUM_CONVERSION = YES;
				CLANG_WARN_INFINITE_RECURSION = YES;
				CLANG_WARN_INT_CONVERSION = YES;
				CLANG_WARN_NON_LITERAL_NULL_CONVERSION = YES;
				CLANG_WARN_OBJC_IMPLICIT_RETAIN_SELF = YES;
				CLANG_WARN_OBJC_LITERAL_CONVERSION = YES;
				CLANG_WARN_OBJC_ROOT_CLASS = YES_ERROR;
				CLANG_WARN_QUOTED_INCLUDE_IN_FRAMEWORK_HEADER = YES;
				CLANG_WARN_RANGE_LOOP_ANALYSIS = YES;
				CLANG_WARN_STRICT_PROTOTYPES = YES;
				CLANG_WARN_SUSPICIOUS_MOVE = YES;
				CLANG_WARN_UNGUARDED_AVAILABILITY = YES_AGGRESSIVE;
				CLANG_WARN_UNREACHABLE_CODE = YES;
				CLANG_WARN__DUPLICATE_METHOD_MATCH = YES;
				COPY_PHASE_STRIP = NO;
				DEBUG_INFORMATION_FORMAT = "dwarf-with-dsym";
				ENABLE_NS_ASSERTIONS = NO;
				ENABLE_STRICT_OBJC_MSGSEND = YES;
				GCC_C_LANGUAGE_STANDARD = gnu11;
				GCC_NO_COMMON_BLOCKS = YES;
				GCC_WARN_64_TO_32_BIT_CONVERSION = YES;
				GCC_WARN_ABOUT_RETURN_TYPE = YES_ERROR;
				GCC_WARN_UNDECLARED_SELECTOR = YES;
				GCC_WARN_UNINITIALIZED_AUTOS = YES_AGGRESSIVE;
				GCC_WARN_UNUSED_FUNCTION = YES;
				GCC_WARN_UNUSED_VARIABLE = YES;
				IPHONEOS_DEPLOYMENT_TARGET = 16.4;
				MTL_ENABLE_DEBUG_INFO = NO;
				MTL_FAST_MATH = YES;
				SDKROOT = iphoneos;
				SWIFT_COMPILATION_MODE = wholemodule;
				SWIFT_OPTIMIZATION_LEVEL = "-O";
				VALIDATE_PRODUCT = YES;
			};
			name = Release;
		};
		AF79DBC02A7BF10A00081627 /* Debug */ = {
			isa = XCBuildConfiguration;
			buildSettings = {
				ASSETCATALOG_COMPILER_APPICON_NAME = AppIcon;
				ASSETCATALOG_COMPILER_GLOBAL_ACCENT_COLOR_NAME = AccentColor;
				CODE_SIGN_ENTITLEMENTS = SwiftfulFirebaseBootcamp/SwiftfulFirebaseBootcamp.entitlements;
				CODE_SIGN_STYLE = Automatic;
				CURRENT_PROJECT_VERSION = 1;
				DEBUG_INFORMATION_FORMAT = "dwarf-with-dsym";
				DEVELOPMENT_ASSET_PATHS = "\"SwiftfulFirebaseBootcamp/Preview Content\"";
				DEVELOPMENT_TEAM = 7B475922E3;
				ENABLE_PREVIEWS = YES;
				GENERATE_INFOPLIST_FILE = YES;
				INFOPLIST_FILE = SwiftfulFirebaseBootcamp/Info.plist;
				INFOPLIST_KEY_UIApplicationSceneManifest_Generation = YES;
				INFOPLIST_KEY_UIApplicationSupportsIndirectInputEvents = YES;
				INFOPLIST_KEY_UILaunchScreen_Generation = YES;
				INFOPLIST_KEY_UISupportedInterfaceOrientations_iPad = "UIInterfaceOrientationPortrait UIInterfaceOrientationPortraitUpsideDown UIInterfaceOrientationLandscapeLeft UIInterfaceOrientationLandscapeRight";
				INFOPLIST_KEY_UISupportedInterfaceOrientations_iPhone = "UIInterfaceOrientationPortrait UIInterfaceOrientationLandscapeLeft UIInterfaceOrientationLandscapeRight";
				LD_RUNPATH_SEARCH_PATHS = (
					"$(inherited)",
					"@executable_path/Frameworks",
				);
				MARKETING_VERSION = 1.0;
				PRODUCT_BUNDLE_IDENTIFIER = com.arturremizov.SwiftfulFirebaseBootcamp;
				PRODUCT_NAME = "$(TARGET_NAME)";
				SWIFT_EMIT_LOC_STRINGS = YES;
				SWIFT_VERSION = 5.0;
				TARGETED_DEVICE_FAMILY = "1,2";
			};
			name = Debug;
		};
		AF79DBC12A7BF10A00081627 /* Release */ = {
			isa = XCBuildConfiguration;
			buildSettings = {
				ASSETCATALOG_COMPILER_APPICON_NAME = AppIcon;
				ASSETCATALOG_COMPILER_GLOBAL_ACCENT_COLOR_NAME = AccentColor;
				CODE_SIGN_ENTITLEMENTS = SwiftfulFirebaseBootcamp/SwiftfulFirebaseBootcamp.entitlements;
				CODE_SIGN_STYLE = Automatic;
				CURRENT_PROJECT_VERSION = 1;
				DEVELOPMENT_ASSET_PATHS = "\"SwiftfulFirebaseBootcamp/Preview Content\"";
				DEVELOPMENT_TEAM = 7B475922E3;
				ENABLE_PREVIEWS = YES;
				GENERATE_INFOPLIST_FILE = YES;
				INFOPLIST_FILE = SwiftfulFirebaseBootcamp/Info.plist;
				INFOPLIST_KEY_UIApplicationSceneManifest_Generation = YES;
				INFOPLIST_KEY_UIApplicationSupportsIndirectInputEvents = YES;
				INFOPLIST_KEY_UILaunchScreen_Generation = YES;
				INFOPLIST_KEY_UISupportedInterfaceOrientations_iPad = "UIInterfaceOrientationPortrait UIInterfaceOrientationPortraitUpsideDown UIInterfaceOrientationLandscapeLeft UIInterfaceOrientationLandscapeRight";
				INFOPLIST_KEY_UISupportedInterfaceOrientations_iPhone = "UIInterfaceOrientationPortrait UIInterfaceOrientationLandscapeLeft UIInterfaceOrientationLandscapeRight";
				LD_RUNPATH_SEARCH_PATHS = (
					"$(inherited)",
					"@executable_path/Frameworks",
				);
				MARKETING_VERSION = 1.0;
				PRODUCT_BUNDLE_IDENTIFIER = com.arturremizov.SwiftfulFirebaseBootcamp;
				PRODUCT_NAME = "$(TARGET_NAME)";
				SWIFT_EMIT_LOC_STRINGS = YES;
				SWIFT_VERSION = 5.0;
				TARGETED_DEVICE_FAMILY = "1,2";
			};
			name = Release;
		};
/* End XCBuildConfiguration section */

/* Begin XCConfigurationList section */
		AF79DBAC2A7BF10800081627 /* Build configuration list for PBXProject "SwiftfulFirebaseBootcamp" */ = {
			isa = XCConfigurationList;
			buildConfigurations = (
				AF79DBBD2A7BF10A00081627 /* Debug */,
				AF79DBBE2A7BF10A00081627 /* Release */,
			);
			defaultConfigurationIsVisible = 0;
			defaultConfigurationName = Release;
		};
		AF79DBBF2A7BF10A00081627 /* Build configuration list for PBXNativeTarget "SwiftfulFirebaseBootcamp" */ = {
			isa = XCConfigurationList;
			buildConfigurations = (
				AF79DBC02A7BF10A00081627 /* Debug */,
				AF79DBC12A7BF10A00081627 /* Release */,
			);
			defaultConfigurationIsVisible = 0;
			defaultConfigurationName = Release;
		};
/* End XCConfigurationList section */

/* Begin XCRemoteSwiftPackageReference section */
		AF123E042A910732001F1D7A /* XCRemoteSwiftPackageReference "firebase-ios-sdk" */ = {
			isa = XCRemoteSwiftPackageReference;
			repositoryURL = "https://github.com/firebase/firebase-ios-sdk";
			requirement = {
				kind = upToNextMajorVersion;
				minimumVersion = 10.0.0;
			};
		};
		AF336E6E2A91051C006FD4BE /* XCRemoteSwiftPackageReference "GoogleSignIn-iOS" */ = {
			isa = XCRemoteSwiftPackageReference;
			repositoryURL = "https://github.com/google/GoogleSignIn-iOS";
			requirement = {
				kind = upToNextMajorVersion;
				minimumVersion = 7.0.0;
			};
		};
/* End XCRemoteSwiftPackageReference section */

/* Begin XCSwiftPackageProductDependency section */
		AF0DF3E42AA38D0700C1F099 /* FirebaseAnalytics */ = {
			isa = XCSwiftPackageProductDependency;
			package = AF123E042A910732001F1D7A /* XCRemoteSwiftPackageReference "firebase-ios-sdk" */;
			productName = FirebaseAnalytics;
		};
		AF0DF3E62AA38D0700C1F099 /* FirebaseAnalyticsSwift */ = {
			isa = XCSwiftPackageProductDependency;
			package = AF123E042A910732001F1D7A /* XCRemoteSwiftPackageReference "firebase-ios-sdk" */;
			productName = FirebaseAnalyticsSwift;
		};
		AF123E052A910732001F1D7A /* FirebaseAuth */ = {
			isa = XCSwiftPackageProductDependency;
			package = AF123E042A910732001F1D7A /* XCRemoteSwiftPackageReference "firebase-ios-sdk" */;
			productName = FirebaseAuth;
		};
		AF123E072A910732001F1D7A /* FirebaseFirestore */ = {
			isa = XCSwiftPackageProductDependency;
			package = AF123E042A910732001F1D7A /* XCRemoteSwiftPackageReference "firebase-ios-sdk" */;
			productName = FirebaseFirestore;
		};
		AF123E092A910732001F1D7A /* FirebaseFirestoreSwift */ = {
			isa = XCSwiftPackageProductDependency;
			package = AF123E042A910732001F1D7A /* XCRemoteSwiftPackageReference "firebase-ios-sdk" */;
			productName = FirebaseFirestoreSwift;
		};
		AF1A1C3C2A9CD6AE00EA7B4C /* FirebaseStorage */ = {
			isa = XCSwiftPackageProductDependency;
			package = AF123E042A910732001F1D7A /* XCRemoteSwiftPackageReference "firebase-ios-sdk" */;
			productName = FirebaseStorage;
		};
		AF336E6F2A91051C006FD4BE /* GoogleSignIn */ = {
			isa = XCSwiftPackageProductDependency;
			package = AF336E6E2A91051C006FD4BE /* XCRemoteSwiftPackageReference "GoogleSignIn-iOS" */;
			productName = GoogleSignIn;
		};
		AF336E712A91051C006FD4BE /* GoogleSignInSwift */ = {
			isa = XCSwiftPackageProductDependency;
			package = AF336E6E2A91051C006FD4BE /* XCRemoteSwiftPackageReference "GoogleSignIn-iOS" */;
			productName = GoogleSignInSwift;
		};
		AF9BDB8C2AA0D39F00A6CFE4 /* FirebaseCrashlytics */ = {
			isa = XCSwiftPackageProductDependency;
			package = AF123E042A910732001F1D7A /* XCRemoteSwiftPackageReference "firebase-ios-sdk" */;
			productName = FirebaseCrashlytics;
		};
		AFBF24472AA21DA70063D497 /* FirebasePerformance */ = {
			isa = XCSwiftPackageProductDependency;
			package = AF123E042A910732001F1D7A /* XCRemoteSwiftPackageReference "firebase-ios-sdk" */;
			productName = FirebasePerformance;
		};
/* End XCSwiftPackageProductDependency section */
	};
	rootObject = AF79DBA92A7BF10800081627 /* Project object */;
}
