// !$*UTF8*$!
{
	archiveVersion = 1;
	classes = {
	};
	objectVersion = 56;
	objects = {

/* Begin PBXBuildFile section */
		AF1A2DA42A8674BD00A6B906 /* FirebaseFirestore in Frameworks */ = {isa = PBXBuildFile; productRef = AF1A2DA32A8674BD00A6B906 /* FirebaseFirestore */; };
		AF1A2DA62A8674BD00A6B906 /* FirebaseFirestoreSwift in Frameworks */ = {isa = PBXBuildFile; productRef = AF1A2DA52A8674BD00A6B906 /* FirebaseFirestoreSwift */; };
		AF1A2DAA2A8675AC00A6B906 /* SettingsViewModel.swift in Sources */ = {isa = PBXBuildFile; fileRef = AF1A2DA92A8675AC00A6B906 /* SettingsViewModel.swift */; };
		AF1A2DAD2A86760100A6B906 /* AuthenticationViewModel.swift in Sources */ = {isa = PBXBuildFile; fileRef = AF1A2DAC2A86760100A6B906 /* AuthenticationViewModel.swift */; };
		AF1A2DB02A86765A00A6B906 /* SignInEmailViewModel.swift in Sources */ = {isa = PBXBuildFile; fileRef = AF1A2DAF2A86765A00A6B906 /* SignInEmailViewModel.swift */; };
		AF1A2DB32A86769E00A6B906 /* ProfileView.swift in Sources */ = {isa = PBXBuildFile; fileRef = AF1A2DB22A86769E00A6B906 /* ProfileView.swift */; };
		AF1A2DB62A867AE300A6B906 /* UserManager.swift in Sources */ = {isa = PBXBuildFile; fileRef = AF1A2DB52A867AE300A6B906 /* UserManager.swift */; };
		AF2D9C442A7E930D0004DC2A /* GoogleSignIn in Frameworks */ = {isa = PBXBuildFile; productRef = AF2D9C432A7E930D0004DC2A /* GoogleSignIn */; };
		AF2D9C462A7E930D0004DC2A /* GoogleSignInSwift in Frameworks */ = {isa = PBXBuildFile; productRef = AF2D9C452A7E930D0004DC2A /* GoogleSignInSwift */; };
		AF2D9C4A2A7E96B10004DC2A /* UIApplication+Extensions.swift in Sources */ = {isa = PBXBuildFile; fileRef = AF2D9C492A7E96B10004DC2A /* UIApplication+Extensions.swift */; };
		AF2D9C4C2A7EA0340004DC2A /* SignInGoogleHelper.swift in Sources */ = {isa = PBXBuildFile; fileRef = AF2D9C4B2A7EA0340004DC2A /* SignInGoogleHelper.swift */; };
		AF3FAF0D2A8282EA0057FF33 /* SignInAppleHelper.swift in Sources */ = {isa = PBXBuildFile; fileRef = AF3FAF0C2A8282EA0057FF33 /* SignInAppleHelper.swift */; };
		AF79DBB52A7BF10800081627 /* SwiftfulFirebaseBootcampApp.swift in Sources */ = {isa = PBXBuildFile; fileRef = AF79DBB42A7BF10800081627 /* SwiftfulFirebaseBootcampApp.swift */; };
		AF79DBB92A7BF10A00081627 /* Assets.xcassets in Resources */ = {isa = PBXBuildFile; fileRef = AF79DBB82A7BF10A00081627 /* Assets.xcassets */; };
		AF79DBBC2A7BF10A00081627 /* Preview Assets.xcassets in Resources */ = {isa = PBXBuildFile; fileRef = AF79DBBB2A7BF10A00081627 /* Preview Assets.xcassets */; };
		AF79DBC32A7BF2CA00081627 /* GoogleService-Info.plist in Resources */ = {isa = PBXBuildFile; fileRef = AF79DBC22A7BF2CA00081627 /* GoogleService-Info.plist */; };
		AF79DBC62A7BF46700081627 /* FirebaseAnalytics in Frameworks */ = {isa = PBXBuildFile; productRef = AF79DBC52A7BF46700081627 /* FirebaseAnalytics */; };
		AF79DBC82A7BF46700081627 /* FirebaseAnalyticsSwift in Frameworks */ = {isa = PBXBuildFile; productRef = AF79DBC72A7BF46700081627 /* FirebaseAnalyticsSwift */; };
		AF79DBCB2A7BF85300081627 /* FirebaseAuth in Frameworks */ = {isa = PBXBuildFile; productRef = AF79DBCA2A7BF85300081627 /* FirebaseAuth */; };
		AF79DBCE2A7BF8FA00081627 /* AuthenticationView.swift in Sources */ = {isa = PBXBuildFile; fileRef = AF79DBCD2A7BF8FA00081627 /* AuthenticationView.swift */; };
		AF79DBD02A7BFA5100081627 /* SignInEmailView.swift in Sources */ = {isa = PBXBuildFile; fileRef = AF79DBCF2A7BFA5100081627 /* SignInEmailView.swift */; };
		AF79DBD22A7BFC5500081627 /* AuthenticationManager.swift in Sources */ = {isa = PBXBuildFile; fileRef = AF79DBD12A7BFC5500081627 /* AuthenticationManager.swift */; };
		AF79DBD42A7C029800081627 /* RootView.swift in Sources */ = {isa = PBXBuildFile; fileRef = AF79DBD32A7C029800081627 /* RootView.swift */; };
		AF79DBD62A7C0FB700081627 /* SettingsView.swift in Sources */ = {isa = PBXBuildFile; fileRef = AF79DBD52A7C0FB700081627 /* SettingsView.swift */; };
/* End PBXBuildFile section */

/* Begin PBXFileReference section */
		AF1A2DA92A8675AC00A6B906 /* SettingsViewModel.swift */ = {isa = PBXFileReference; lastKnownFileType = sourcecode.swift; path = SettingsViewModel.swift; sourceTree = "<group>"; };
		AF1A2DAC2A86760100A6B906 /* AuthenticationViewModel.swift */ = {isa = PBXFileReference; lastKnownFileType = sourcecode.swift; path = AuthenticationViewModel.swift; sourceTree = "<group>"; };
		AF1A2DAF2A86765A00A6B906 /* SignInEmailViewModel.swift */ = {isa = PBXFileReference; lastKnownFileType = sourcecode.swift; path = SignInEmailViewModel.swift; sourceTree = "<group>"; };
		AF1A2DB22A86769E00A6B906 /* ProfileView.swift */ = {isa = PBXFileReference; lastKnownFileType = sourcecode.swift; path = ProfileView.swift; sourceTree = "<group>"; };
		AF1A2DB52A867AE300A6B906 /* UserManager.swift */ = {isa = PBXFileReference; lastKnownFileType = sourcecode.swift; path = UserManager.swift; sourceTree = "<group>"; };
		AF2D9C472A7E93520004DC2A /* Info.plist */ = {isa = PBXFileReference; lastKnownFileType = text.plist; path = Info.plist; sourceTree = "<group>"; };
		AF2D9C492A7E96B10004DC2A /* UIApplication+Extensions.swift */ = {isa = PBXFileReference; lastKnownFileType = sourcecode.swift; path = "UIApplication+Extensions.swift"; sourceTree = "<group>"; };
		AF2D9C4B2A7EA0340004DC2A /* SignInGoogleHelper.swift */ = {isa = PBXFileReference; lastKnownFileType = sourcecode.swift; path = SignInGoogleHelper.swift; sourceTree = "<group>"; };
		AF338B452A812DFA001AB771 /* SwiftfulFirebaseBootcamp.entitlements */ = {isa = PBXFileReference; lastKnownFileType = text.plist.entitlements; path = SwiftfulFirebaseBootcamp.entitlements; sourceTree = "<group>"; };
		AF3FAF0C2A8282EA0057FF33 /* SignInAppleHelper.swift */ = {isa = PBXFileReference; lastKnownFileType = sourcecode.swift; path = SignInAppleHelper.swift; sourceTree = "<group>"; };
		AF79DBB12A7BF10800081627 /* SwiftfulFirebaseBootcamp.app */ = {isa = PBXFileReference; explicitFileType = wrapper.application; includeInIndex = 0; path = SwiftfulFirebaseBootcamp.app; sourceTree = BUILT_PRODUCTS_DIR; };
		AF79DBB42A7BF10800081627 /* SwiftfulFirebaseBootcampApp.swift */ = {isa = PBXFileReference; lastKnownFileType = sourcecode.swift; path = SwiftfulFirebaseBootcampApp.swift; sourceTree = "<group>"; };
		AF79DBB82A7BF10A00081627 /* Assets.xcassets */ = {isa = PBXFileReference; lastKnownFileType = folder.assetcatalog; path = Assets.xcassets; sourceTree = "<group>"; };
		AF79DBBB2A7BF10A00081627 /* Preview Assets.xcassets */ = {isa = PBXFileReference; lastKnownFileType = folder.assetcatalog; path = "Preview Assets.xcassets"; sourceTree = "<group>"; };
		AF79DBC22A7BF2CA00081627 /* GoogleService-Info.plist */ = {isa = PBXFileReference; fileEncoding = 4; lastKnownFileType = text.plist.xml; path = "GoogleService-Info.plist"; sourceTree = "<group>"; };
		AF79DBCD2A7BF8FA00081627 /* AuthenticationView.swift */ = {isa = PBXFileReference; lastKnownFileType = sourcecode.swift; path = AuthenticationView.swift; sourceTree = "<group>"; };
		AF79DBCF2A7BFA5100081627 /* SignInEmailView.swift */ = {isa = PBXFileReference; lastKnownFileType = sourcecode.swift; path = SignInEmailView.swift; sourceTree = "<group>"; };
		AF79DBD12A7BFC5500081627 /* AuthenticationManager.swift */ = {isa = PBXFileReference; lastKnownFileType = sourcecode.swift; path = AuthenticationManager.swift; sourceTree = "<group>"; };
		AF79DBD32A7C029800081627 /* RootView.swift */ = {isa = PBXFileReference; lastKnownFileType = sourcecode.swift; path = RootView.swift; sourceTree = "<group>"; };
		AF79DBD52A7C0FB700081627 /* SettingsView.swift */ = {isa = PBXFileReference; lastKnownFileType = sourcecode.swift; path = SettingsView.swift; sourceTree = "<group>"; };
/* End PBXFileReference section */

/* Begin PBXFrameworksBuildPhase section */
		AF79DBAE2A7BF10800081627 /* Frameworks */ = {
			isa = PBXFrameworksBuildPhase;
			buildActionMask = 2147483647;
			files = (
				AF2D9C462A7E930D0004DC2A /* GoogleSignInSwift in Frameworks */,
				AF79DBC82A7BF46700081627 /* FirebaseAnalyticsSwift in Frameworks */,
				AF2D9C442A7E930D0004DC2A /* GoogleSignIn in Frameworks */,
				AF1A2DA62A8674BD00A6B906 /* FirebaseFirestoreSwift in Frameworks */,
				AF79DBCB2A7BF85300081627 /* FirebaseAuth in Frameworks */,
				AF79DBC62A7BF46700081627 /* FirebaseAnalytics in Frameworks */,
				AF1A2DA42A8674BD00A6B906 /* FirebaseFirestore in Frameworks */,
			);
			runOnlyForDeploymentPostprocessing = 0;
		};
/* End PBXFrameworksBuildPhase section */

/* Begin PBXGroup section */
		AF1A2DA72A86753600A6B906 /* Core */ = {
			isa = PBXGroup;
			children = (
				AF79DBD32A7C029800081627 /* RootView.swift */,
				AF1A2DAB2A8675E300A6B906 /* Authentication */,
				AF1A2DB12A86767400A6B906 /* Profile */,
				AF1A2DA82A86759300A6B906 /* Settings */,
			);
			path = Core;
			sourceTree = "<group>";
		};
		AF1A2DA82A86759300A6B906 /* Settings */ = {
			isa = PBXGroup;
			children = (
				AF79DBD52A7C0FB700081627 /* SettingsView.swift */,
				AF1A2DA92A8675AC00A6B906 /* SettingsViewModel.swift */,
			);
			name = Settings;
			path = "New Group";
			sourceTree = "<group>";
		};
		AF1A2DAB2A8675E300A6B906 /* Authentication */ = {
			isa = PBXGroup;
			children = (
				AF79DBCD2A7BF8FA00081627 /* AuthenticationView.swift */,
				AF1A2DAC2A86760100A6B906 /* AuthenticationViewModel.swift */,
				AF1A2DAE2A86764900A6B906 /* Subviews */,
			);
			path = Authentication;
			sourceTree = "<group>";
		};
		AF1A2DAE2A86764900A6B906 /* Subviews */ = {
			isa = PBXGroup;
			children = (
				AF79DBCF2A7BFA5100081627 /* SignInEmailView.swift */,
				AF1A2DAF2A86765A00A6B906 /* SignInEmailViewModel.swift */,
			);
			path = Subviews;
			sourceTree = "<group>";
		};
		AF1A2DB12A86767400A6B906 /* Profile */ = {
			isa = PBXGroup;
			children = (
				AF1A2DB22A86769E00A6B906 /* ProfileView.swift */,
			);
			path = Profile;
			sourceTree = "<group>";
		};
		AF1A2DB42A867ACC00A6B906 /* Firestore */ = {
			isa = PBXGroup;
			children = (
				AF1A2DB52A867AE300A6B906 /* UserManager.swift */,
			);
			path = Firestore;
			sourceTree = "<group>";
		};
		AF2D9C482A7E96960004DC2A /* Extensions */ = {
			isa = PBXGroup;
			children = (
				AF2D9C492A7E96B10004DC2A /* UIApplication+Extensions.swift */,
			);
			path = Extensions;
			sourceTree = "<group>";
		};
		AF79DBA82A7BF10800081627 = {
			isa = PBXGroup;
			children = (
				AF79DBB32A7BF10800081627 /* SwiftfulFirebaseBootcamp */,
				AF79DBB22A7BF10800081627 /* Products */,
				AF79DBC92A7BF85300081627 /* Frameworks */,
			);
			sourceTree = "<group>";
		};
		AF79DBB22A7BF10800081627 /* Products */ = {
			isa = PBXGroup;
			children = (
				AF79DBB12A7BF10800081627 /* SwiftfulFirebaseBootcamp.app */,
			);
			name = Products;
			sourceTree = "<group>";
		};
		AF79DBB32A7BF10800081627 /* SwiftfulFirebaseBootcamp */ = {
			isa = PBXGroup;
			children = (
				AF79DBB42A7BF10800081627 /* SwiftfulFirebaseBootcampApp.swift */,
				AF1A2DA72A86753600A6B906 /* Core */,
				AF79DBCC2A7BF8BF00081627 /* Authentication */,
				AF1A2DB42A867ACC00A6B906 /* Firestore */,
				AF2D9C482A7E96960004DC2A /* Extensions */,
				AF79DBB82A7BF10A00081627 /* Assets.xcassets */,
				AF338B452A812DFA001AB771 /* SwiftfulFirebaseBootcamp.entitlements */,
				AF2D9C472A7E93520004DC2A /* Info.plist */,
				AF79DBC22A7BF2CA00081627 /* GoogleService-Info.plist */,
				AF79DBBA2A7BF10A00081627 /* Preview Content */,
			);
			path = SwiftfulFirebaseBootcamp;
			sourceTree = "<group>";
		};
		AF79DBBA2A7BF10A00081627 /* Preview Content */ = {
			isa = PBXGroup;
			children = (
				AF79DBBB2A7BF10A00081627 /* Preview Assets.xcassets */,
			);
			path = "Preview Content";
			sourceTree = "<group>";
		};
		AF79DBC92A7BF85300081627 /* Frameworks */ = {
			isa = PBXGroup;
			children = (
			);
			name = Frameworks;
			sourceTree = "<group>";
		};
		AF79DBCC2A7BF8BF00081627 /* Authentication */ = {
			isa = PBXGroup;
			children = (
				AF79DBD12A7BFC5500081627 /* AuthenticationManager.swift */,
				AF2D9C4B2A7EA0340004DC2A /* SignInGoogleHelper.swift */,
				AF3FAF0C2A8282EA0057FF33 /* SignInAppleHelper.swift */,
			);
			path = Authentication;
			sourceTree = "<group>";
		};
/* End PBXGroup section */

/* Begin PBXNativeTarget section */
		AF79DBB02A7BF10800081627 /* SwiftfulFirebaseBootcamp */ = {
			isa = PBXNativeTarget;
			buildConfigurationList = AF79DBBF2A7BF10A00081627 /* Build configuration list for PBXNativeTarget "SwiftfulFirebaseBootcamp" */;
			buildPhases = (
				AF79DBAD2A7BF10800081627 /* Sources */,
				AF79DBAE2A7BF10800081627 /* Frameworks */,
				AF79DBAF2A7BF10800081627 /* Resources */,
			);
			buildRules = (
			);
			dependencies = (
			);
			name = SwiftfulFirebaseBootcamp;
			packageProductDependencies = (
				AF79DBC52A7BF46700081627 /* FirebaseAnalytics */,
				AF79DBC72A7BF46700081627 /* FirebaseAnalyticsSwift */,
				AF79DBCA2A7BF85300081627 /* FirebaseAuth */,
				AF2D9C432A7E930D0004DC2A /* GoogleSignIn */,
				AF2D9C452A7E930D0004DC2A /* GoogleSignInSwift */,
				AF1A2DA32A8674BD00A6B906 /* FirebaseFirestore */,
				AF1A2DA52A8674BD00A6B906 /* FirebaseFirestoreSwift */,
			);
			productName = SwiftfulFirebaseBootcamp;
			productReference = AF79DBB12A7BF10800081627 /* SwiftfulFirebaseBootcamp.app */;
			productType = "com.apple.product-type.application";
		};
/* End PBXNativeTarget section */

/* Begin PBXProject section */
		AF79DBA92A7BF10800081627 /* Project object */ = {
			isa = PBXProject;
			attributes = {
				BuildIndependentTargetsInParallel = 1;
				LastSwiftUpdateCheck = 1430;
				LastUpgradeCheck = 1430;
				TargetAttributes = {
					AF79DBB02A7BF10800081627 = {
						CreatedOnToolsVersion = 14.3.1;
					};
				};
			};
			buildConfigurationList = AF79DBAC2A7BF10800081627 /* Build configuration list for PBXProject "SwiftfulFirebaseBootcamp" */;
			compatibilityVersion = "Xcode 14.0";
			developmentRegion = en;
			hasScannedForEncodings = 0;
			knownRegions = (
				en,
				Base,
			);
			mainGroup = AF79DBA82A7BF10800081627;
			packageReferences = (
				AF79DBC42A7BF46700081627 /* XCRemoteSwiftPackageReference "firebase-ios-sdk" */,
				AF2D9C422A7E930D0004DC2A /* XCRemoteSwiftPackageReference "GoogleSignIn-iOS" */,
			);
			productRefGroup = AF79DBB22A7BF10800081627 /* Products */;
			projectDirPath = "";
			projectRoot = "";
			targets = (
				AF79DBB02A7BF10800081627 /* SwiftfulFirebaseBootcamp */,
			);
		};
/* End PBXProject section */

/* Begin PBXResourcesBuildPhase section */
		AF79DBAF2A7BF10800081627 /* Resources */ = {
			isa = PBXResourcesBuildPhase;
			buildActionMask = 2147483647;
			files = (
				AF79DBBC2A7BF10A00081627 /* Preview Assets.xcassets in Resources */,
				AF79DBB92A7BF10A00081627 /* Assets.xcassets in Resources */,
				AF79DBC32A7BF2CA00081627 /* GoogleService-Info.plist in Resources */,
			);
			runOnlyForDeploymentPostprocessing = 0;
		};
/* End PBXResourcesBuildPhase section */

/* Begin PBXSourcesBuildPhase section */
		AF79DBAD2A7BF10800081627 /* Sources */ = {
			isa = PBXSourcesBuildPhase;
			buildActionMask = 2147483647;
			files = (
				AF79DBD62A7C0FB700081627 /* SettingsView.swift in Sources */,
				AF1A2DB32A86769E00A6B906 /* ProfileView.swift in Sources */,
				AF1A2DB62A867AE300A6B906 /* UserManager.swift in Sources */,
				AF79DBB52A7BF10800081627 /* SwiftfulFirebaseBootcampApp.swift in Sources */,
				AF79DBD42A7C029800081627 /* RootView.swift in Sources */,
				AF2D9C4C2A7EA0340004DC2A /* SignInGoogleHelper.swift in Sources */,
				AF1A2DAD2A86760100A6B906 /* AuthenticationViewModel.swift in Sources */,
				AF1A2DB02A86765A00A6B906 /* SignInEmailViewModel.swift in Sources */,
				AF79DBCE2A7BF8FA00081627 /* AuthenticationView.swift in Sources */,
				AF1A2DAA2A8675AC00A6B906 /* SettingsViewModel.swift in Sources */,
				AF79DBD22A7BFC5500081627 /* AuthenticationManager.swift in Sources */,
				AF2D9C4A2A7E96B10004DC2A /* UIApplication+Extensions.swift in Sources */,
				AF79DBD02A7BFA5100081627 /* SignInEmailView.swift in Sources */,
				AF3FAF0D2A8282EA0057FF33 /* SignInAppleHelper.swift in Sources */,
			);
			runOnlyForDeploymentPostprocessing = 0;
		};
/* End PBXSourcesBuildPhase section */

/* Begin XCBuildConfiguration section */
		AF79DBBD2A7BF10A00081627 /* Debug */ = {
			isa = XCBuildConfiguration;
			buildSettings = {
				ALWAYS_SEARCH_USER_PATHS = NO;
				CLANG_ANALYZER_NONNULL = YES;
				CLANG_ANALYZER_NUMBER_OBJECT_CONVERSION = YES_AGGRESSIVE;
				CLANG_CXX_LANGUAGE_STANDARD = "gnu++20";
				CLANG_ENABLE_MODULES = YES;
				CLANG_ENABLE_OBJC_ARC = YES;
				CLANG_ENABLE_OBJC_WEAK = YES;
				CLANG_WARN_BLOCK_CAPTURE_AUTORELEASING = YES;
				CLANG_WARN_BOOL_CONVERSION = YES;
				CLANG_WARN_COMMA = YES;
				CLANG_WARN_CONSTANT_CONVERSION = YES;
				CLANG_WARN_DEPRECATED_OBJC_IMPLEMENTATIONS = YES;
				CLANG_WARN_DIRECT_OBJC_ISA_USAGE = YES_ERROR;
				CLANG_WARN_DOCUMENTATION_COMMENTS = YES;
				CLANG_WARN_EMPTY_BODY = YES;
				CLANG_WARN_ENUM_CONVERSION = YES;
				CLANG_WARN_INFINITE_RECURSION = YES;
				CLANG_WARN_INT_CONVERSION = YES;
				CLANG_WARN_NON_LITERAL_NULL_CONVERSION = YES;
				CLANG_WARN_OBJC_IMPLICIT_RETAIN_SELF = YES;
				CLANG_WARN_OBJC_LITERAL_CONVERSION = YES;
				CLANG_WARN_OBJC_ROOT_CLASS = YES_ERROR;
				CLANG_WARN_QUOTED_INCLUDE_IN_FRAMEWORK_HEADER = YES;
				CLANG_WARN_RANGE_LOOP_ANALYSIS = YES;
				CLANG_WARN_STRICT_PROTOTYPES = YES;
				CLANG_WARN_SUSPICIOUS_MOVE = YES;
				CLANG_WARN_UNGUARDED_AVAILABILITY = YES_AGGRESSIVE;
				CLANG_WARN_UNREACHABLE_CODE = YES;
				CLANG_WARN__DUPLICATE_METHOD_MATCH = YES;
				COPY_PHASE_STRIP = NO;
				DEBUG_INFORMATION_FORMAT = dwarf;
				ENABLE_STRICT_OBJC_MSGSEND = YES;
				ENABLE_TESTABILITY = YES;
				GCC_C_LANGUAGE_STANDARD = gnu11;
				GCC_DYNAMIC_NO_PIC = NO;
				GCC_NO_COMMON_BLOCKS = YES;
				GCC_OPTIMIZATION_LEVEL = 0;
				GCC_PREPROCESSOR_DEFINITIONS = (
					"DEBUG=1",
					"$(inherited)",
				);
				GCC_WARN_64_TO_32_BIT_CONVERSION = YES;
				GCC_WARN_ABOUT_RETURN_TYPE = YES_ERROR;
				GCC_WARN_UNDECLARED_SELECTOR = YES;
				GCC_WARN_UNINITIALIZED_AUTOS = YES_AGGRESSIVE;
				GCC_WARN_UNUSED_FUNCTION = YES;
				GCC_WARN_UNUSED_VARIABLE = YES;
				IPHONEOS_DEPLOYMENT_TARGET = 16.4;
				MTL_ENABLE_DEBUG_INFO = INCLUDE_SOURCE;
				MTL_FAST_MATH = YES;
				ONLY_ACTIVE_ARCH = YES;
				SDKROOT = iphoneos;
				SWIFT_ACTIVE_COMPILATION_CONDITIONS = DEBUG;
				SWIFT_OPTIMIZATION_LEVEL = "-Onone";
			};
			name = Debug;
		};
		AF79DBBE2A7BF10A00081627 /* Release */ = {
			isa = XCBuildConfiguration;
			buildSettings = {
				ALWAYS_SEARCH_USER_PATHS = NO;
				CLANG_ANALYZER_NONNULL = YES;
				CLANG_ANALYZER_NUMBER_OBJECT_CONVERSION = YES_AGGRESSIVE;
				CLANG_CXX_LANGUAGE_STANDARD = "gnu++20";
				CLANG_ENABLE_MODULES = YES;
				CLANG_ENABLE_OBJC_ARC = YES;
				CLANG_ENABLE_OBJC_WEAK = YES;
				CLANG_WARN_BLOCK_CAPTURE_AUTORELEASING = YES;
				CLANG_WARN_BOOL_CONVERSION = YES;
				CLANG_WARN_COMMA = YES;
				CLANG_WARN_CONSTANT_CONVERSION = YES;
				CLANG_WARN_DEPRECATED_OBJC_IMPLEMENTATIONS = YES;
				CLANG_WARN_DIRECT_OBJC_ISA_USAGE = YES_ERROR;
				CLANG_WARN_DOCUMENTATION_COMMENTS = YES;
				CLANG_WARN_EMPTY_BODY = YES;
				CLANG_WARN_ENUM_CONVERSION = YES;
				CLANG_WARN_INFINITE_RECURSION = YES;
				CLANG_WARN_INT_CONVERSION = YES;
				CLANG_WARN_NON_LITERAL_NULL_CONVERSION = YES;
				CLANG_WARN_OBJC_IMPLICIT_RETAIN_SELF = YES;
				CLANG_WARN_OBJC_LITERAL_CONVERSION = YES;
				CLANG_WARN_OBJC_ROOT_CLASS = YES_ERROR;
				CLANG_WARN_QUOTED_INCLUDE_IN_FRAMEWORK_HEADER = YES;
				CLANG_WARN_RANGE_LOOP_ANALYSIS = YES;
				CLANG_WARN_STRICT_PROTOTYPES = YES;
				CLANG_WARN_SUSPICIOUS_MOVE = YES;
				CLANG_WARN_UNGUARDED_AVAILABILITY = YES_AGGRESSIVE;
				CLANG_WARN_UNREACHABLE_CODE = YES;
				CLANG_WARN__DUPLICATE_METHOD_MATCH = YES;
				COPY_PHASE_STRIP = NO;
				DEBUG_INFORMATION_FORMAT = "dwarf-with-dsym";
				ENABLE_NS_ASSERTIONS = NO;
				ENABLE_STRICT_OBJC_MSGSEND = YES;
				GCC_C_LANGUAGE_STANDARD = gnu11;
				GCC_NO_COMMON_BLOCKS = YES;
				GCC_WARN_64_TO_32_BIT_CONVERSION = YES;
				GCC_WARN_ABOUT_RETURN_TYPE = YES_ERROR;
				GCC_WARN_UNDECLARED_SELECTOR = YES;
				GCC_WARN_UNINITIALIZED_AUTOS = YES_AGGRESSIVE;
				GCC_WARN_UNUSED_FUNCTION = YES;
				GCC_WARN_UNUSED_VARIABLE = YES;
				IPHONEOS_DEPLOYMENT_TARGET = 16.4;
				MTL_ENABLE_DEBUG_INFO = NO;
				MTL_FAST_MATH = YES;
				SDKROOT = iphoneos;
				SWIFT_COMPILATION_MODE = wholemodule;
				SWIFT_OPTIMIZATION_LEVEL = "-O";
				VALIDATE_PRODUCT = YES;
			};
			name = Release;
		};
		AF79DBC02A7BF10A00081627 /* Debug */ = {
			isa = XCBuildConfiguration;
			buildSettings = {
				ASSETCATALOG_COMPILER_APPICON_NAME = AppIcon;
				ASSETCATALOG_COMPILER_GLOBAL_ACCENT_COLOR_NAME = AccentColor;
				CODE_SIGN_ENTITLEMENTS = SwiftfulFirebaseBootcamp/SwiftfulFirebaseBootcamp.entitlements;
				CODE_SIGN_STYLE = Automatic;
				CURRENT_PROJECT_VERSION = 1;
				DEVELOPMENT_ASSET_PATHS = "\"SwiftfulFirebaseBootcamp/Preview Content\"";
				DEVELOPMENT_TEAM = 7B475922E3;
				ENABLE_PREVIEWS = YES;
				GENERATE_INFOPLIST_FILE = YES;
				INFOPLIST_FILE = SwiftfulFirebaseBootcamp/Info.plist;
				INFOPLIST_KEY_UIApplicationSceneManifest_Generation = YES;
				INFOPLIST_KEY_UIApplicationSupportsIndirectInputEvents = YES;
				INFOPLIST_KEY_UILaunchScreen_Generation = YES;
				INFOPLIST_KEY_UISupportedInterfaceOrientations_iPad = "UIInterfaceOrientationPortrait UIInterfaceOrientationPortraitUpsideDown UIInterfaceOrientationLandscapeLeft UIInterfaceOrientationLandscapeRight";
				INFOPLIST_KEY_UISupportedInterfaceOrientations_iPhone = "UIInterfaceOrientationPortrait UIInterfaceOrientationLandscapeLeft UIInterfaceOrientationLandscapeRight";
				LD_RUNPATH_SEARCH_PATHS = (
					"$(inherited)",
					"@executable_path/Frameworks",
				);
				MARKETING_VERSION = 1.0;
				PRODUCT_BUNDLE_IDENTIFIER = com.arturremizov.SwiftfulFirebaseBootcamp;
				PRODUCT_NAME = "$(TARGET_NAME)";
				SWIFT_EMIT_LOC_STRINGS = YES;
				SWIFT_VERSION = 5.0;
				TARGETED_DEVICE_FAMILY = "1,2";
			};
			name = Debug;
		};
		AF79DBC12A7BF10A00081627 /* Release */ = {
			isa = XCBuildConfiguration;
			buildSettings = {
				ASSETCATALOG_COMPILER_APPICON_NAME = AppIcon;
				ASSETCATALOG_COMPILER_GLOBAL_ACCENT_COLOR_NAME = AccentColor;
				CODE_SIGN_ENTITLEMENTS = SwiftfulFirebaseBootcamp/SwiftfulFirebaseBootcamp.entitlements;
				CODE_SIGN_STYLE = Automatic;
				CURRENT_PROJECT_VERSION = 1;
				DEVELOPMENT_ASSET_PATHS = "\"SwiftfulFirebaseBootcamp/Preview Content\"";
				DEVELOPMENT_TEAM = 7B475922E3;
				ENABLE_PREVIEWS = YES;
				GENERATE_INFOPLIST_FILE = YES;
				INFOPLIST_FILE = SwiftfulFirebaseBootcamp/Info.plist;
				INFOPLIST_KEY_UIApplicationSceneManifest_Generation = YES;
				INFOPLIST_KEY_UIApplicationSupportsIndirectInputEvents = YES;
				INFOPLIST_KEY_UILaunchScreen_Generation = YES;
				INFOPLIST_KEY_UISupportedInterfaceOrientations_iPad = "UIInterfaceOrientationPortrait UIInterfaceOrientationPortraitUpsideDown UIInterfaceOrientationLandscapeLeft UIInterfaceOrientationLandscapeRight";
				INFOPLIST_KEY_UISupportedInterfaceOrientations_iPhone = "UIInterfaceOrientationPortrait UIInterfaceOrientationLandscapeLeft UIInterfaceOrientationLandscapeRight";
				LD_RUNPATH_SEARCH_PATHS = (
					"$(inherited)",
					"@executable_path/Frameworks",
				);
				MARKETING_VERSION = 1.0;
				PRODUCT_BUNDLE_IDENTIFIER = com.arturremizov.SwiftfulFirebaseBootcamp;
				PRODUCT_NAME = "$(TARGET_NAME)";
				SWIFT_EMIT_LOC_STRINGS = YES;
				SWIFT_VERSION = 5.0;
				TARGETED_DEVICE_FAMILY = "1,2";
			};
			name = Release;
		};
/* End XCBuildConfiguration section */

/* Begin XCConfigurationList section */
		AF79DBAC2A7BF10800081627 /* Build configuration list for PBXProject "SwiftfulFirebaseBootcamp" */ = {
			isa = XCConfigurationList;
			buildConfigurations = (
				AF79DBBD2A7BF10A00081627 /* Debug */,
				AF79DBBE2A7BF10A00081627 /* Release */,
			);
			defaultConfigurationIsVisible = 0;
			defaultConfigurationName = Release;
		};
		AF79DBBF2A7BF10A00081627 /* Build configuration list for PBXNativeTarget "SwiftfulFirebaseBootcamp" */ = {
			isa = XCConfigurationList;
			buildConfigurations = (
				AF79DBC02A7BF10A00081627 /* Debug */,
				AF79DBC12A7BF10A00081627 /* Release */,
			);
			defaultConfigurationIsVisible = 0;
			defaultConfigurationName = Release;
		};
/* End XCConfigurationList section */

/* Begin XCRemoteSwiftPackageReference section */
		AF2D9C422A7E930D0004DC2A /* XCRemoteSwiftPackageReference "GoogleSignIn-iOS" */ = {
			isa = XCRemoteSwiftPackageReference;
			repositoryURL = "https://github.com/google/GoogleSignIn-iOS";
			requirement = {
				kind = upToNextMajorVersion;
				minimumVersion = 7.0.0;
			};
		};
		AF79DBC42A7BF46700081627 /* XCRemoteSwiftPackageReference "firebase-ios-sdk" */ = {
			isa = XCRemoteSwiftPackageReference;
			repositoryURL = "https://github.com/firebase/firebase-ios-sdk";
			requirement = {
				kind = upToNextMajorVersion;
				minimumVersion = 10.0.0;
			};
		};
/* End XCRemoteSwiftPackageReference section */

/* Begin XCSwiftPackageProductDependency section */
		AF1A2DA32A8674BD00A6B906 /* FirebaseFirestore */ = {
			isa = XCSwiftPackageProductDependency;
			package = AF79DBC42A7BF46700081627 /* XCRemoteSwiftPackageReference "firebase-ios-sdk" */;
			productName = FirebaseFirestore;
		};
		AF1A2DA52A8674BD00A6B906 /* FirebaseFirestoreSwift */ = {
			isa = XCSwiftPackageProductDependency;
			package = AF79DBC42A7BF46700081627 /* XCRemoteSwiftPackageReference "firebase-ios-sdk" */;
			productName = FirebaseFirestoreSwift;
		};
		AF2D9C432A7E930D0004DC2A /* GoogleSignIn */ = {
			isa = XCSwiftPackageProductDependency;
			package = AF2D9C422A7E930D0004DC2A /* XCRemoteSwiftPackageReference "GoogleSignIn-iOS" */;
			productName = GoogleSignIn;
		};
		AF2D9C452A7E930D0004DC2A /* GoogleSignInSwift */ = {
			isa = XCSwiftPackageProductDependency;
			package = AF2D9C422A7E930D0004DC2A /* XCRemoteSwiftPackageReference "GoogleSignIn-iOS" */;
			productName = GoogleSignInSwift;
		};
		AF79DBC52A7BF46700081627 /* FirebaseAnalytics */ = {
			isa = XCSwiftPackageProductDependency;
			package = AF79DBC42A7BF46700081627 /* XCRemoteSwiftPackageReference "firebase-ios-sdk" */;
			productName = FirebaseAnalytics;
		};
		AF79DBC72A7BF46700081627 /* FirebaseAnalyticsSwift */ = {
			isa = XCSwiftPackageProductDependency;
			package = AF79DBC42A7BF46700081627 /* XCRemoteSwiftPackageReference "firebase-ios-sdk" */;
			productName = FirebaseAnalyticsSwift;
		};
		AF79DBCA2A7BF85300081627 /* FirebaseAuth */ = {
			isa = XCSwiftPackageProductDependency;
			package = AF79DBC42A7BF46700081627 /* XCRemoteSwiftPackageReference "firebase-ios-sdk" */;
			productName = FirebaseAuth;
		};
/* End XCSwiftPackageProductDependency section */
	};
	rootObject = AF79DBA92A7BF10800081627 /* Project object */;
}
